{
  "version": 4,
  "terraform_version": "1.7.2",
  "serial": 37,
  "lineage": "938154bf-0d95-417b-4083-d7e325d67894",
  "outputs": {},
  "resources": [
    {
      "module": "module.eks",
      "mode": "managed",
      "type": "aws_eks_cluster",
      "name": "eks",
      "provider": "provider[\"registry.terraform.io/hashicorp/aws\"]",
      "instances": [
        {
          "schema_version": 0,
          "attributes": {
            "access_config": [
              {
                "authentication_mode": "CONFIG_MAP",
                "bootstrap_cluster_creator_admin_permissions": false
              }
            ],
            "arn": "arn:aws:eks:eu-central-1:659690157935:cluster/eks_nodejs",
            "certificate_authority": [
              {
                "data": "LS0tLS1CRUdJTiBDRVJUSUZJQ0FURS0tLS0tCk1JSURCVENDQWUyZ0F3SUJBZ0lJZGxzSk9yTHFyNkF3RFFZSktvWklodmNOQVFFTEJRQXdGVEVUTUJFR0ExVUUKQXhNS2EzVmlaWEp1WlhSbGN6QWVGdzB5TkRBME1qUXlNRFEzTVRaYUZ3MHpOREEwTWpJeU1EVXlNVFphTUJVeApFekFSQmdOVkJBTVRDbXQxWW1WeWJtVjBaWE13Z2dFaU1BMEdDU3FHU0liM0RRRUJBUVVBQTRJQkR3QXdnZ0VLCkFvSUJBUUR5OHpIOG9iZnh6Y0NwUkNwemN4c1RUTXlQVUFZK3pvV3dSbVFlVFJSTUxqMVVRSndnK3NZcDZSZncKU3BPUDA0WTZEWWhQcE4zd1RiNE5JV2ZzNHpLd2dyQ0VQRCswNnJoRE4xaUxrUmtmeVV4MFh2RVU3dEpYdWlMWQpwMW9WMlFQelFlZ2VISWo2SFNjak8weSs2SlVrc0R1U2JxaDhaYkMxNjltZ1JlUS9JclA0cmtiMEw5cnZxdFBLCkdYYkVtdW9XNEJFVG9ES0p4WXJKMDZJRE11SDFvZmUvVlR2eFpvYXF4bGNsdUJGMUFSd3RYVmZNWGpYd1ZJVVMKcVFzbktPN1VIZklkczVWSmVhWlpvWVJza2RkSUtSY3JGT1FlTTJjQjNsK3pkZnNoOE9qTnI1bzBrc0ZyTHkxRAp6NG5aL3doeVZIRGRuSTNLcDNkdWdNN2c0Q0R0QWdNQkFBR2pXVEJYTUE0R0ExVWREd0VCL3dRRUF3SUNwREFQCkJnTlZIUk1CQWY4RUJUQURBUUgvTUIwR0ExVWREZ1FXQkJSOGw2UlVaZjBSZ3U4VUtUTnk2YklRS0tzbGlUQVYKQmdOVkhSRUVEakFNZ2dwcmRXSmxjbTVsZEdWek1BMEdDU3FHU0liM0RRRUJDd1VBQTRJQkFRRElQMzhHMTVtLwo3MnZRYkEvMEQwM1puM0FXQjZkZ3Y4Q3BhbUkzRFFub2ZQdjdyTWIrU1lKV1U3Q3VPcmZleDRkQ0Qwelp6WDVNCjB3MmxUT2x3SVBTbVpaMXMvczNUNFdBSGhLWUpXZGgwbWVFNk9Odk9pTE93bUtvWEVOcTl5SU9PRGszYlRrL08KK2ZKa0d4MFhjZk1oN0ZaMlJLbEhIaGNkd2lnd00rQUhkZE5KWlVQVWJrV1RXRlZoZUM3YStpeE4wQStLUy9xTwpEME8xQUhCdjhvdWJzcDhVYXA2aThQdXFBdlhrNHVpUjYxeHVuKzdLREdpYW9nVHZPbzZMV3ZsZ1plZTZIalE5ClBhaUUrUllHNy9LQzdYUURYZlNrYUFWUk1kNkRSTlIvYVpXYTNxNTFhSUxUU2FWQi8wUVRHcERFaDNEdmFjVHIKR2hHMDFKZkllVkdOCi0tLS0tRU5EIENFUlRJRklDQVRFLS0tLS0K"
              }
            ],
            "cluster_id": null,
            "created_at": "2024-04-24 20:47:29.906 +0000 UTC",
            "enabled_cluster_log_types": [],
            "encryption_config": [],
            "endpoint": "https://3A5350D5FFA906BD38E2ED45F4D2F36E.gr7.eu-central-1.eks.amazonaws.com",
            "id": "eks_nodejs",
            "identity": [
              {
                "oidc": [
                  {
                    "issuer": "https://oidc.eks.eu-central-1.amazonaws.com/id/3A5350D5FFA906BD38E2ED45F4D2F36E"
                  }
                ]
              }
            ],
            "kubernetes_network_config": [
              {
                "ip_family": "ipv4",
                "service_ipv4_cidr": "172.20.0.0/16",
                "service_ipv6_cidr": ""
              }
            ],
            "name": "eks_nodejs",
            "outpost_config": [],
            "platform_version": "eks.6",
            "role_arn": "arn:aws:iam::659690157935:role/eksClusterRole",
            "status": "ACTIVE",
            "tags": {},
            "tags_all": {},
            "timeouts": null,
            "version": "1.29",
            "vpc_config": [
              {
                "cluster_security_group_id": "sg-0a4b87ebe90ca8a5e",
                "endpoint_private_access": false,
                "endpoint_public_access": true,
                "public_access_cidrs": [
                  "0.0.0.0/0"
                ],
                "security_group_ids": [],
                "subnet_ids": [
                  "subnet-029cfd744e1298287",
                  "subnet-0470eec53a8b3bcc7"
                ],
                "vpc_id": "vpc-0b1de042b5e7620f4"
              }
            ]
          },
          "sensitive_attributes": [],
          "private": "eyJlMmJmYjczMC1lY2FhLTExZTYtOGY4OC0zNDM2M2JjN2M0YzAiOnsiY3JlYXRlIjoxODAwMDAwMDAwMDAwLCJkZWxldGUiOjkwMDAwMDAwMDAwMCwidXBkYXRlIjozNjAwMDAwMDAwMDAwfX0=",
          "dependencies": [
            "module.private-subnet.aws_subnet.main",
            "module.public-subnet.aws_subnet.main",
            "module.vpc.aws_vpc.main"
          ]
        }
      ]
    },
    {
      "module": "module.eks",
      "mode": "managed",
      "type": "aws_eks_node_group",
      "name": "example",
      "provider": "provider[\"registry.terraform.io/hashicorp/aws\"]",
      "instances": [
        {
          "status": "tainted",
          "schema_version": 0,
          "attributes": {
            "ami_type": null,
            "arn": null,
            "capacity_type": "SPOT",
            "cluster_name": "eks_nodejs",
            "disk_size": null,
            "force_update_version": null,
            "id": "eks_nodejs:node1",
            "instance_types": null,
            "labels": null,
            "launch_template": [],
            "node_group_name": "node1",
            "node_group_name_prefix": null,
            "node_role_arn": "arn:aws:iam::659690157935:role/eksClusterRole",
            "release_version": null,
            "remote_access": [],
            "resources": null,
            "scaling_config": [
              {
                "desired_size": 1,
                "max_size": 1,
                "min_size": 1
              }
            ],
            "status": null,
            "subnet_ids": [
              "subnet-029cfd744e1298287",
              "subnet-0470eec53a8b3bcc7"
            ],
            "tags": null,
            "tags_all": null,
            "taint": [],
            "timeouts": null,
            "update_config": [
              {
                "max_unavailable": 1,
                "max_unavailable_percentage": 0
              }
            ],
            "version": null
          },
          "sensitive_attributes": [],
          "private": "eyJlMmJmYjczMC1lY2FhLTExZTYtOGY4OC0zNDM2M2JjN2M0YzAiOnsiY3JlYXRlIjozNjAwMDAwMDAwMDAwLCJkZWxldGUiOjM2MDAwMDAwMDAwMDAsInVwZGF0ZSI6MzYwMDAwMDAwMDAwMH19",
          "dependencies": [
            "module.eks.aws_eks_cluster.eks",
            "module.private-subnet.aws_subnet.main",
            "module.public-subnet.aws_subnet.main",
            "module.vpc.aws_vpc.main"
          ]
        }
      ]
    },
    {
      "module": "module.private-subnet",
      "mode": "managed",
      "type": "aws_subnet",
      "name": "main",
      "provider": "provider[\"registry.terraform.io/hashicorp/aws\"]",
      "instances": [
        {
          "schema_version": 1,
          "attributes": {
            "arn": "arn:aws:ec2:eu-central-1:659690157935:subnet/subnet-0470eec53a8b3bcc7",
            "assign_ipv6_address_on_creation": false,
            "availability_zone": "eu-central-1b",
            "availability_zone_id": "euc1-az3",
            "cidr_block": "10.0.5.0/24",
            "customer_owned_ipv4_pool": "",
            "enable_dns64": false,
            "enable_lni_at_device_index": 0,
            "enable_resource_name_dns_a_record_on_launch": false,
            "enable_resource_name_dns_aaaa_record_on_launch": false,
            "id": "subnet-0470eec53a8b3bcc7",
            "ipv6_cidr_block": "",
            "ipv6_cidr_block_association_id": "",
            "ipv6_native": false,
            "map_customer_owned_ip_on_launch": false,
            "map_public_ip_on_launch": false,
            "outpost_arn": "",
            "owner_id": "659690157935",
            "private_dns_hostname_type_on_launch": "ip-name",
            "tags": {},
            "tags_all": {},
            "timeouts": null,
            "vpc_id": "vpc-0b1de042b5e7620f4"
          },
          "sensitive_attributes": [],
          "private": "eyJlMmJmYjczMC1lY2FhLTExZTYtOGY4OC0zNDM2M2JjN2M0YzAiOnsiY3JlYXRlIjo2MDAwMDAwMDAwMDAsImRlbGV0ZSI6MTIwMDAwMDAwMDAwMH0sInNjaGVtYV92ZXJzaW9uIjoiMSJ9",
          "dependencies": [
            "module.vpc.aws_vpc.main"
          ]
        }
      ]
    },
    {
      "module": "module.public-subnet",
      "mode": "managed",
      "type": "aws_subnet",
      "name": "main",
      "provider": "provider[\"registry.terraform.io/hashicorp/aws\"]",
      "instances": [
        {
          "schema_version": 1,
          "attributes": {
            "arn": "arn:aws:ec2:eu-central-1:659690157935:subnet/subnet-029cfd744e1298287",
            "assign_ipv6_address_on_creation": false,
            "availability_zone": "eu-central-1a",
            "availability_zone_id": "euc1-az2",
            "cidr_block": "10.0.4.0/24",
            "customer_owned_ipv4_pool": "",
            "enable_dns64": false,
            "enable_lni_at_device_index": 0,
            "enable_resource_name_dns_a_record_on_launch": false,
            "enable_resource_name_dns_aaaa_record_on_launch": false,
            "id": "subnet-029cfd744e1298287",
            "ipv6_cidr_block": "",
            "ipv6_cidr_block_association_id": "",
            "ipv6_native": false,
            "map_customer_owned_ip_on_launch": false,
            "map_public_ip_on_launch": false,
            "outpost_arn": "",
            "owner_id": "659690157935",
            "private_dns_hostname_type_on_launch": "ip-name",
            "tags": {},
            "tags_all": {},
            "timeouts": null,
            "vpc_id": "vpc-0b1de042b5e7620f4"
          },
          "sensitive_attributes": [],
          "private": "eyJlMmJmYjczMC1lY2FhLTExZTYtOGY4OC0zNDM2M2JjN2M0YzAiOnsiY3JlYXRlIjo2MDAwMDAwMDAwMDAsImRlbGV0ZSI6MTIwMDAwMDAwMDAwMH0sInNjaGVtYV92ZXJzaW9uIjoiMSJ9",
          "dependencies": [
            "module.vpc.aws_vpc.main"
          ]
        }
      ]
    },
    {
      "module": "module.vpc",
      "mode": "managed",
      "type": "aws_vpc",
      "name": "main",
      "provider": "provider[\"registry.terraform.io/hashicorp/aws\"]",
      "instances": [
        {
          "schema_version": 1,
          "attributes": {
            "arn": "arn:aws:ec2:eu-central-1:659690157935:vpc/vpc-0b1de042b5e7620f4",
            "assign_generated_ipv6_cidr_block": false,
            "cidr_block": "10.0.0.0/16",
            "default_network_acl_id": "acl-07a78f39c260339a0",
            "default_route_table_id": "rtb-035715942cd5e80ff",
            "default_security_group_id": "sg-0c3c70ad84bcaf9ca",
            "dhcp_options_id": "dopt-0fe8d30e1e2bd48ce",
            "enable_dns_hostnames": false,
            "enable_dns_support": true,
            "enable_network_address_usage_metrics": false,
            "id": "vpc-0b1de042b5e7620f4",
            "instance_tenancy": "default",
            "ipv4_ipam_pool_id": null,
            "ipv4_netmask_length": null,
            "ipv6_association_id": "",
            "ipv6_cidr_block": "",
            "ipv6_cidr_block_network_border_group": "",
            "ipv6_ipam_pool_id": "",
            "ipv6_netmask_length": 0,
            "main_route_table_id": "rtb-035715942cd5e80ff",
            "owner_id": "659690157935",
            "tags": {},
            "tags_all": {}
          },
          "sensitive_attributes": [],
          "private": "eyJzY2hlbWFfdmVyc2lvbiI6IjEifQ=="
        }
      ]
    }
  ],
  "check_results": null
}
